<?xml version="1.0" encoding="utf-8"?>
<Project ToolsVersion="4.0" xmlns="http://schemas.microsoft.com/developer/msbuild/2003">
  <ItemGroup>
    <ClCompile Include="$(MSBuildThisFileDirectory)..\..\..\Source\Reflection\DescriptableInterfaces.cpp" />
    <ClCompile Include="$(MSBuildThisFileDirectory)..\..\..\Source\Reflection\DescriptableInterfaces_Log.cpp" />
    <ClCompile Include="$(MSBuildThisFileDirectory)..\..\..\Source\Reflection\DescriptableInterfaces_Metaonly.cpp" />
    <ClCompile Include="$(MSBuildThisFileDirectory)..\..\..\Source\Reflection\Predefined\PredefinedTypes.cpp">
      <Filter>Predefined</Filter>
    </ClCompile>
    <ClCompile Include="$(MSBuildThisFileDirectory)..\..\..\Source\Reflection\Metadata\Metadata.cpp">
      <Filter>Metadata</Filter>
    </ClCompile>
    <ClCompile Include="$(MSBuildThisFileDirectory)..\..\..\Source\Reflection\Reflection\Reflection.cpp">
      <Filter>Reflection</Filter>
    </ClCompile>
    <ClCompile Include="$(MSBuildThisFileDirectory)..\..\..\Source\Reflection\DescriptableObject.cpp" />
    <ClCompile Include="$(MSBuildThisFileDirectory)..\..\..\Source\Reflection\DescriptableValue.cpp" />
    <ClCompile Include="$(MSBuildThisFileDirectory)..\..\..\Source\Reflection\DescriptableValue_Comparison.cpp" />
  </ItemGroup>
  <ItemGroup>
    <ClInclude Include="$(MSBuildThisFileDirectory)..\..\..\Source\Reflection\DescriptableInterfaces.h" />
    <ClInclude Include="$(MSBuildThisFileDirectory)..\..\..\Source\Reflection\Predefined\ObservableList.h">
      <Filter>Predefined</Filter>
    </ClInclude>
    <ClInclude Include="$(MSBuildThisFileDirectory)..\..\..\Source\Reflection\Predefined\PredefinedTypes.h">
      <Filter>Predefined</Filter>
    </ClInclude>
    <ClInclude Include="$(MSBuildThisFileDirectory)..\..\..\Source\Reflection\Metadata\Metadata.h">
      <Filter>Metadata</Filter>
    </ClInclude>
    <ClInclude Include="$(MSBuildThisFileDirectory)..\..\..\Source\Reflection\Boxing\TypeInfoRetriver.h">
      <Filter>Boxing</Filter>
    </ClInclude>
    <ClInclude Include="$(MSBuildThisFileDirectory)..\..\..\Source\Reflection\Boxing\BoxingValue.h">
      <Filter>Boxing</Filter>
    </ClInclude>
    <ClInclude Include="$(MSBuildThisFileDirectory)..\..\..\Source\Reflection\Boxing\BoxingParameter.h">
      <Filter>Boxing</Filter>
    </ClInclude>
    <ClInclude Include="$(MSBuildThisFileDirectory)..\..\..\Source\Reflection\Metadata\Metadata_Function.h">
      <Filter>Metadata</Filter>
    </ClInclude>
    <ClInclude Include="$(MSBuildThisFileDirectory)..\..\..\Source\Reflection\Metadata\Metadata_Event.h">
      <Filter>Metadata</Filter>
    </ClInclude>
    <ClInclude Include="$(MSBuildThisFileDirectory)..\..\..\Source\Reflection\Metadata\Metadata_Member.h">
      <Filter>Metadata</Filter>
    </ClInclude>
    <ClInclude Include="$(MSBuildThisFileDirectory)..\..\..\Source\Reflection\Boxing\InvokeWithBoxedParameters.h">
      <Filter>Boxing</Filter>
    </ClInclude>
    <ClInclude Include="$(MSBuildThisFileDirectory)..\..\..\Source\Reflection\Reflection\Reflection.h">
      <Filter>Reflection</Filter>
    </ClInclude>
    <ClInclude Include="$(MSBuildThisFileDirectory)..\..\..\Source\Reflection\Reflection\Macros.h">
      <Filter>Reflection</Filter>
    </ClInclude>
    <ClInclude Include="$(MSBuildThisFileDirectory)..\..\..\Source\Reflection\Boxing\BoxingParameter_Containers.h">
      <Filter>Boxing</Filter>
    </ClInclude>
    <ClInclude Include="$(MSBuildThisFileDirectory)..\..\..\Source\Reflection\Boxing\BoxingParameter_Functions.h">
      <Filter>Boxing</Filter>
    </ClInclude>
    <ClInclude Include="$(MSBuildThisFileDirectory)..\..\..\Source\Reflection\Boxing\Boxing.h">
      <Filter>Boxing</Filter>
    </ClInclude>
    <ClInclude Include="$(MSBuildThisFileDirectory)..\..\..\Source\Reflection\Wrappers\ContainerWrappers.h">
      <Filter>Wrappers</Filter>
    </ClInclude>
    <ClInclude Include="$(MSBuildThisFileDirectory)..\..\..\Source\Reflection\Wrappers\FunctionWrappers.h">
      <Filter>Wrappers</Filter>
    </ClInclude>
    <ClInclude Include="$(MSBuildThisFileDirectory)..\..\..\Source\Reflection\DescriptableObject.h" />
    <ClInclude Include="$(MSBuildThisFileDirectory)..\..\..\Source\Reflection\DescriptableValue.h" />
  </ItemGroup>
  <ItemGroup>
    <Filter Include="Metadata">
      <UniqueIdentifier>{72bca9a5-64e1-4cf2-9d90-c74e07511c08}</UniqueIdentifier>
    </Filter>
    <Filter Include="Boxing">
      <UniqueIdentifier>{3f3b7c62-3bc3-40da-93c1-2155df3a557b}</UniqueIdentifier>
    </Filter>
    <Filter Include="Predefined">
      <UniqueIdentifier>{994874d8-0d0e-4902-9213-41e99dd69bf1}</UniqueIdentifier>
    </Filter>
    <Filter Include="Reflection">
      <UniqueIdentifier>{20fb662b-3244-4d1d-b5b1-5f1abd4d4550}</UniqueIdentifier>
    </Filter>
    <Filter Include="Wrappers">
      <UniqueIdentifier>{91ef682b-b7fe-49b8-9d0d-3ffda9ea7704}</UniqueIdentifier>
    </Filter>
  </ItemGroup>
</Project>